
Microsoft Visual Studio Solution File, Format Version 12.00
# Visual Studio 15
Project("{FAE04EC0-301F-11D3-BF4B-00C04F79EFBC}") = "Assembly-CSharp", "Assembly-CSharp.csproj", "{A7EA25B3-5B4D-74C7-40FB-603C8E5E9064}"
EndProject
Project("{FAE04EC0-301F-11D3-BF4B-00C04F79EFBC}") = "PhotonChat", "PhotonChat.csproj", "{EBD1660E-316F-1007-5B7E-975D408BA89F}"
EndProject
Project("{FAE04EC0-301F-11D3-BF4B-00C04F79EFBC}") = "PhotonUnityNetworking.Demos", "PhotonUnityNetworking.Demos.csproj", "{80F99AA7-B99E-96E0-F087-C3ED3D79D70F}"
EndProject
Project("{FAE04EC0-301F-11D3-BF4B-00C04F79EFBC}") = "Assembly-CSharp-Editor", "Assembly-CSharp-Editor.csproj", "{25D5F926-8A37-0ECB-81F1-D1C6A02D3A7A}"
EndProject
Project("{FAE04EC0-301F-11D3-BF4B-00C04F79EFBC}") = "PhotonRealtime", "PhotonRealtime.csproj", "{0676A056-8493-E0A0-0AD6-26245FDAF7BA}"
EndProject
Project("{FAE04EC0-301F-11D3-BF4B-00C04F79EFBC}") = "PhotonUnityNetworking.Editor", "PhotonUnityNetworking.Editor.csproj", "{22A7485C-E519-7983-DF4D-68E34F0A3122}"
EndProject
Project("{FAE04EC0-301F-11D3-BF4B-00C04F79EFBC}") = "PhotonUnityNetworking", "PhotonUnityNetworking.csproj", "{685DCD70-2A04-C512-87EB-E6ED3326587E}"
EndProject
Project("{FAE04EC0-301F-11D3-BF4B-00C04F79EFBC}") = "PhotonUnityNetworking.Utilities.PhotonPlayer.Editor", "PhotonUnityNetworking.Utilities.PhotonPlayer.Editor.csproj", "{E3C55BE6-FFC7-6B8B-4EEF-C0FFB84E5F45}"
EndProject
Project("{FAE04EC0-301F-11D3-BF4B-00C04F79EFBC}") = "PhotonUnityNetworking.Utilities", "PhotonUnityNetworking.Utilities.csproj", "{0553491A-4AA7-1455-B77A-DEDEFC7D6B31}"
EndProject
Project("{FAE04EC0-301F-11D3-BF4B-00C04F79EFBC}") = "PunDemos.DemoSlotcarEditor", "PunDemos.DemoSlotcarEditor.csproj", "{FF8019D6-BD9B-61A5-61DB-645F6FD5244B}"
EndProject
Project("{FAE04EC0-301F-11D3-BF4B-00C04F79EFBC}") = "PhotonUnityNetworking.Utilities.Culling.Editor", "PhotonUnityNetworking.Utilities.Culling.Editor.csproj", "{21DE7BB1-7AE0-1640-B58B-7207BEA5E4BB}"
EndProject
Project("{FAE04EC0-301F-11D3-BF4B-00C04F79EFBC}") = "PunDemos.DemoHubEditor", "PunDemos.DemoHubEditor.csproj", "{05E0D9E6-AF6D-C9DE-B6D0-7FD29C90164C}"
EndProject
Global
	GlobalSection(SolutionConfigurationPlatforms) = preSolution
		Debug|Any CPU = Debug|Any CPU
		Release|Any CPU = Release|Any CPU
	EndGlobalSection
	GlobalSection(ProjectConfigurationPlatforms) = postSolution
		{A7EA25B3-5B4D-74C7-40FB-603C8E5E9064}.Debug|Any CPU.ActiveCfg = Debug|Any CPU
		{A7EA25B3-5B4D-74C7-40FB-603C8E5E9064}.Debug|Any CPU.Build.0 = Debug|Any CPU
		{A7EA25B3-5B4D-74C7-40FB-603C8E5E9064}.Release|Any CPU.ActiveCfg = Release|Any CPU
		{A7EA25B3-5B4D-74C7-40FB-603C8E5E9064}.Release|Any CPU.Build.0 = Release|Any CPU
		{EBD1660E-316F-1007-5B7E-975D408BA89F}.Debug|Any CPU.ActiveCfg = Debug|Any CPU
		{EBD1660E-316F-1007-5B7E-975D408BA89F}.Debug|Any CPU.Build.0 = Debug|Any CPU
		{EBD1660E-316F-1007-5B7E-975D408BA89F}.Release|Any CPU.ActiveCfg = Release|Any CPU
		{EBD1660E-316F-1007-5B7E-975D408BA89F}.Release|Any CPU.Build.0 = Release|Any CPU
		{80F99AA7-B99E-96E0-F087-C3ED3D79D70F}.Debug|Any CPU.ActiveCfg = Debug|Any CPU
		{80F99AA7-B99E-96E0-F087-C3ED3D79D70F}.Debug|Any CPU.Build.0 = Debug|Any CPU
		{80F99AA7-B99E-96E0-F087-C3ED3D79D70F}.Release|Any CPU.ActiveCfg = Release|Any CPU
		{80F99AA7-B99E-96E0-F087-C3ED3D79D70F}.Release|Any CPU.Build.0 = Release|Any CPU
		{25D5F926-8A37-0ECB-81F1-D1C6A02D3A7A}.Debug|Any CPU.ActiveCfg = Debug|Any CPU
		{25D5F926-8A37-0ECB-81F1-D1C6A02D3A7A}.Debug|Any CPU.Build.0 = Debug|Any CPU
		{25D5F926-8A37-0ECB-81F1-D1C6A02D3A7A}.Release|Any CPU.ActiveCfg = Release|Any CPU
		{25D5F926-8A37-0ECB-81F1-D1C6A02D3A7A}.Release|Any CPU.Build.0 = Release|Any CPU
		{0676A056-8493-E0A0-0AD6-26245FDAF7BA}.Debug|Any CPU.ActiveCfg = Debug|Any CPU
		{0676A056-8493-E0A0-0AD6-26245FDAF7BA}.Debug|Any CPU.Build.0 = Debug|Any CPU
		{0676A056-8493-E0A0-0AD6-26245FDAF7BA}.Release|Any CPU.ActiveCfg = Release|Any CPU
		{0676A056-8493-E0A0-0AD6-26245FDAF7BA}.Release|Any CPU.Build.0 = Release|Any CPU
		{22A7485C-E519-7983-DF4D-68E34F0A3122}.Debug|Any CPU.ActiveCfg = Debug|Any CPU
		{22A7485C-E519-7983-DF4D-68E34F0A3122}.Debug|Any CPU.Build.0 = Debug|Any CPU
		{22A7485C-E519-7983-DF4D-68E34F0A3122}.Release|Any CPU.ActiveCfg = Release|Any CPU
		{22A7485C-E519-7983-DF4D-68E34F0A3122}.Release|Any CPU.Build.0 = Release|Any CPU
		{685DCD70-2A04-C512-87EB-E6ED3326587E}.Debug|Any CPU.ActiveCfg = Debug|Any CPU
		{685DCD70-2A04-C512-87EB-E6ED3326587E}.Debug|Any CPU.Build.0 = Debug|Any CPU
		{685DCD70-2A04-C512-87EB-E6ED3326587E}.Release|Any CPU.ActiveCfg = Release|Any CPU
		{685DCD70-2A04-C512-87EB-E6ED3326587E}.Release|Any CPU.Build.0 = Release|Any CPU
		{E3C55BE6-FFC7-6B8B-4EEF-C0FFB84E5F45}.Debug|Any CPU.ActiveCfg = Debug|Any CPU
		{E3C55BE6-FFC7-6B8B-4EEF-C0FFB84E5F45}.Debug|Any CPU.Build.0 = Debug|Any CPU
		{E3C55BE6-FFC7-6B8B-4EEF-C0FFB84E5F45}.Release|Any CPU.ActiveCfg = Release|Any CPU
		{E3C55BE6-FFC7-6B8B-4EEF-C0FFB84E5F45}.Release|Any CPU.Build.0 = Release|Any CPU
		{0553491A-4AA7-1455-B77A-DEDEFC7D6B31}.Debug|Any CPU.ActiveCfg = Debug|Any CPU
		{0553491A-4AA7-1455-B77A-DEDEFC7D6B31}.Debug|Any CPU.Build.0 = Debug|Any CPU
		{0553491A-4AA7-1455-B77A-DEDEFC7D6B31}.Release|Any CPU.ActiveCfg = Release|Any CPU
		{0553491A-4AA7-1455-B77A-DEDEFC7D6B31}.Release|Any CPU.Build.0 = Release|Any CPU
		{FF8019D6-BD9B-61A5-61DB-645F6FD5244B}.Debug|Any CPU.ActiveCfg = Debug|Any CPU
		{FF8019D6-BD9B-61A5-61DB-645F6FD5244B}.Debug|Any CPU.Build.0 = Debug|Any CPU
		{FF8019D6-BD9B-61A5-61DB-645F6FD5244B}.Release|Any CPU.ActiveCfg = Release|Any CPU
		{FF8019D6-BD9B-61A5-61DB-645F6FD5244B}.Release|Any CPU.Build.0 = Release|Any CPU
		{21DE7BB1-7AE0-1640-B58B-7207BEA5E4BB}.Debug|Any CPU.ActiveCfg = Debug|Any CPU
		{21DE7BB1-7AE0-1640-B58B-7207BEA5E4BB}.Debug|Any CPU.Build.0 = Debug|Any CPU
		{21DE7BB1-7AE0-1640-B58B-7207BEA5E4BB}.Release|Any CPU.ActiveCfg = Release|Any CPU
		{21DE7BB1-7AE0-1640-B58B-7207BEA5E4BB}.Release|Any CPU.Build.0 = Release|Any CPU
		{05E0D9E6-AF6D-C9DE-B6D0-7FD29C90164C}.Debug|Any CPU.ActiveCfg = Debug|Any CPU
		{05E0D9E6-AF6D-C9DE-B6D0-7FD29C90164C}.Debug|Any CPU.Build.0 = Debug|Any CPU
		{05E0D9E6-AF6D-C9DE-B6D0-7FD29C90164C}.Release|Any CPU.ActiveCfg = Release|Any CPU
		{05E0D9E6-AF6D-C9DE-B6D0-7FD29C90164C}.Release|Any CPU.Build.0 = Release|Any CPU
	EndGlobalSection
	GlobalSection(SolutionProperties) = preSolution
		HideSolutionNode = FALSE
	EndGlobalSection
EndGlobal
